
Microsoft Visual Studio Solution File, Format Version 12.00
# Visual Studio Version 17
VisualStudioVersion = 17.2.32505.173
MinimumVisualStudioVersion = 10.0.40219.1
Project("{2150E333-8FDC-42A3-9474-1A3956D46DE8}") = "src", "src", "{486B4A51-6D8D-44AB-9E74-AED775871B3C}"
EndProject
Project("{2150E333-8FDC-42A3-9474-1A3956D46DE8}") = "Core", "Core", "{56F8659D-5785-484C-9393-142E9B83B995}"
EndProject
Project("{2150E333-8FDC-42A3-9474-1A3956D46DE8}") = "Infraestructure", "Infraestructure", "{9BFCB2AD-93F8-45EF-883C-BADD6BDD89A9}"
EndProject
Project("{2150E333-8FDC-42A3-9474-1A3956D46DE8}") = "Presentation", "Presentation", "{D14C975F-BCB0-4E58-A4AD-1FA42E55B9B6}"
EndProject
Project("{FAE04EC0-301F-11D3-BF4B-00C04F79EFBC}") = "Application", "Application\Application.csproj", "{F76622E6-2F8D-4D62-B0B5-E1A33AD385D0}"
EndProject
Project("{FAE04EC0-301F-11D3-BF4B-00C04F79EFBC}") = "Domain", "Domain\Domain.csproj", "{2CCB853D-47BA-4047-BB1C-6D6A59F143E5}"
EndProject
Project("{FAE04EC0-301F-11D3-BF4B-00C04F79EFBC}") = "Persistence", "Persistence\Persistence.csproj", "{6AE10D84-5A87-4F73-9AA0-8D792AA340BE}"
EndProject
Project("{FAE04EC0-301F-11D3-BF4B-00C04F79EFBC}") = "Shared", "Shared\Shared.csproj", "{90B68AF0-BB70-4A22-B652-E5533FA65EFF}"
EndProject
Project("{FAE04EC0-301F-11D3-BF4B-00C04F79EFBC}") = "WebApi", "WebApi\WebApi.csproj", "{0091C503-D91A-43B6-B137-41E53D5B7419}"
EndProject
Global
	GlobalSection(SolutionConfigurationPlatforms) = preSolution
		Debug|Any CPU = Debug|Any CPU
		Release|Any CPU = Release|Any CPU
	EndGlobalSection
	GlobalSection(ProjectConfigurationPlatforms) = postSolution
		{F76622E6-2F8D-4D62-B0B5-E1A33AD385D0}.Debug|Any CPU.ActiveCfg = Debug|Any CPU
		{F76622E6-2F8D-4D62-B0B5-E1A33AD385D0}.Debug|Any CPU.Build.0 = Debug|Any CPU
		{F76622E6-2F8D-4D62-B0B5-E1A33AD385D0}.Release|Any CPU.ActiveCfg = Release|Any CPU
		{F76622E6-2F8D-4D62-B0B5-E1A33AD385D0}.Release|Any CPU.Build.0 = Release|Any CPU
		{2CCB853D-47BA-4047-BB1C-6D6A59F143E5}.Debug|Any CPU.ActiveCfg = Debug|Any CPU
		{2CCB853D-47BA-4047-BB1C-6D6A59F143E5}.Debug|Any CPU.Build.0 = Debug|Any CPU
		{2CCB853D-47BA-4047-BB1C-6D6A59F143E5}.Release|Any CPU.ActiveCfg = Release|Any CPU
		{2CCB853D-47BA-4047-BB1C-6D6A59F143E5}.Release|Any CPU.Build.0 = Release|Any CPU
		{6AE10D84-5A87-4F73-9AA0-8D792AA340BE}.Debug|Any CPU.ActiveCfg = Debug|Any CPU
		{6AE10D84-5A87-4F73-9AA0-8D792AA340BE}.Debug|Any CPU.Build.0 = Debug|Any CPU
		{6AE10D84-5A87-4F73-9AA0-8D792AA340BE}.Release|Any CPU.ActiveCfg = Release|Any CPU
		{6AE10D84-5A87-4F73-9AA0-8D792AA340BE}.Release|Any CPU.Build.0 = Release|Any CPU
		{90B68AF0-BB70-4A22-B652-E5533FA65EFF}.Debug|Any CPU.ActiveCfg = Debug|Any CPU
		{90B68AF0-BB70-4A22-B652-E5533FA65EFF}.Debug|Any CPU.Build.0 = Debug|Any CPU
		{90B68AF0-BB70-4A22-B652-E5533FA65EFF}.Release|Any CPU.ActiveCfg = Release|Any CPU
		{90B68AF0-BB70-4A22-B652-E5533FA65EFF}.Release|Any CPU.Build.0 = Release|Any CPU
		{0091C503-D91A-43B6-B137-41E53D5B7419}.Debug|Any CPU.ActiveCfg = Debug|Any CPU
		{0091C503-D91A-43B6-B137-41E53D5B7419}.Debug|Any CPU.Build.0 = Debug|Any CPU
		{0091C503-D91A-43B6-B137-41E53D5B7419}.Release|Any CPU.ActiveCfg = Release|Any CPU
		{0091C503-D91A-43B6-B137-41E53D5B7419}.Release|Any CPU.Build.0 = Release|Any CPU
	EndGlobalSection
	GlobalSection(SolutionProperties) = preSolution
		HideSolutionNode = FALSE
	EndGlobalSection
	GlobalSection(NestedProjects) = preSolution
		{56F8659D-5785-484C-9393-142E9B83B995} = {486B4A51-6D8D-44AB-9E74-AED775871B3C}
		{9BFCB2AD-93F8-45EF-883C-BADD6BDD89A9} = {486B4A51-6D8D-44AB-9E74-AED775871B3C}
		{D14C975F-BCB0-4E58-A4AD-1FA42E55B9B6} = {486B4A51-6D8D-44AB-9E74-AED775871B3C}
		{F76622E6-2F8D-4D62-B0B5-E1A33AD385D0} = {56F8659D-5785-484C-9393-142E9B83B995}
		{2CCB853D-47BA-4047-BB1C-6D6A59F143E5} = {56F8659D-5785-484C-9393-142E9B83B995}
		{6AE10D84-5A87-4F73-9AA0-8D792AA340BE} = {9BFCB2AD-93F8-45EF-883C-BADD6BDD89A9}
		{90B68AF0-BB70-4A22-B652-E5533FA65EFF} = {9BFCB2AD-93F8-45EF-883C-BADD6BDD89A9}
		{0091C503-D91A-43B6-B137-41E53D5B7419} = {D14C975F-BCB0-4E58-A4AD-1FA42E55B9B6}
	EndGlobalSection
	GlobalSection(ExtensibilityGlobals) = postSolution
		SolutionGuid = {77E7D9C5-60F3-4ED8-92C4-AD98776BD01C}
	EndGlobalSection
EndGlobal
